
Microsoft Visual Studio Solution File, Format Version 12.00
# Visual Studio Version 17
VisualStudioVersion = 17.0.31903.59
MinimumVisualStudioVersion = 10.0.40219.1
Project("{2150E333-8FDC-42A3-9474-1A3956D46DE8}") = "Bootstrapper", "Bootstrapper", "{D2E44978-CEF4-4DF9-94B9-F8707F80EBCE}"
EndProject
Project("{FAE04EC0-301F-11D3-BF4B-00C04F79EFBC}") = "Api", "Bootstrapper\Api\Api.csproj", "{67A0453B-3C5C-49E6-B70B-83685F64751F}"
EndProject
Project("{2150E333-8FDC-42A3-9474-1A3956D46DE8}") = "Modules", "Modules", "{0694802C-C33C-4301-B13A-809D2BCC1216}"
EndProject
Project("{2150E333-8FDC-42A3-9474-1A3956D46DE8}") = "Catalog", "Catalog", "{D4228805-2132-44C0-86E1-99D6EAFD730D}"
EndProject
Project("{FAE04EC0-301F-11D3-BF4B-00C04F79EFBC}") = "Catalog", "Modules\Catalog\Catalog\Catalog.csproj", "{92F503CF-97D4-4586-9515-8D739A04470D}"
EndProject
Project("{2150E333-8FDC-42A3-9474-1A3956D46DE8}") = "Basket", "Basket", "{DEE7A495-B363-4668-B265-027DBABFE116}"
EndProject
Project("{FAE04EC0-301F-11D3-BF4B-00C04F79EFBC}") = "Basket", "Modules\Basket\Basket\Basket.csproj", "{85D87AF7-68DB-415E-9F22-8D6E4764B7ED}"
EndProject
Project("{2150E333-8FDC-42A3-9474-1A3956D46DE8}") = "Ordering", "Ordering", "{10C5FB32-A30B-4223-8C60-393FDA2E06E4}"
EndProject
Project("{FAE04EC0-301F-11D3-BF4B-00C04F79EFBC}") = "Ordering", "Modules\Ordering\Ordering\Ordering.csproj", "{486B12A4-1767-4CF9-900B-160A1653C69B}"
EndProject
Global
	GlobalSection(SolutionConfigurationPlatforms) = preSolution
		Debug|Any CPU = Debug|Any CPU
		Release|Any CPU = Release|Any CPU
	EndGlobalSection
	GlobalSection(SolutionProperties) = preSolution
		HideSolutionNode = FALSE
	EndGlobalSection
	GlobalSection(ProjectConfigurationPlatforms) = postSolution
		{67A0453B-3C5C-49E6-B70B-83685F64751F}.Debug|Any CPU.ActiveCfg = Debug|Any CPU
		{67A0453B-3C5C-49E6-B70B-83685F64751F}.Debug|Any CPU.Build.0 = Debug|Any CPU
		{67A0453B-3C5C-49E6-B70B-83685F64751F}.Release|Any CPU.ActiveCfg = Release|Any CPU
		{67A0453B-3C5C-49E6-B70B-83685F64751F}.Release|Any CPU.Build.0 = Release|Any CPU
		{92F503CF-97D4-4586-9515-8D739A04470D}.Debug|Any CPU.ActiveCfg = Debug|Any CPU
		{92F503CF-97D4-4586-9515-8D739A04470D}.Debug|Any CPU.Build.0 = Debug|Any CPU
		{92F503CF-97D4-4586-9515-8D739A04470D}.Release|Any CPU.ActiveCfg = Release|Any CPU
		{92F503CF-97D4-4586-9515-8D739A04470D}.Release|Any CPU.Build.0 = Release|Any CPU
		{85D87AF7-68DB-415E-9F22-8D6E4764B7ED}.Debug|Any CPU.ActiveCfg = Debug|Any CPU
		{85D87AF7-68DB-415E-9F22-8D6E4764B7ED}.Debug|Any CPU.Build.0 = Debug|Any CPU
		{85D87AF7-68DB-415E-9F22-8D6E4764B7ED}.Release|Any CPU.ActiveCfg = Release|Any CPU
		{85D87AF7-68DB-415E-9F22-8D6E4764B7ED}.Release|Any CPU.Build.0 = Release|Any CPU
		{486B12A4-1767-4CF9-900B-160A1653C69B}.Debug|Any CPU.ActiveCfg = Debug|Any CPU
		{486B12A4-1767-4CF9-900B-160A1653C69B}.Debug|Any CPU.Build.0 = Debug|Any CPU
		{486B12A4-1767-4CF9-900B-160A1653C69B}.Release|Any CPU.ActiveCfg = Release|Any CPU
		{486B12A4-1767-4CF9-900B-160A1653C69B}.Release|Any CPU.Build.0 = Release|Any CPU
	EndGlobalSection
	GlobalSection(NestedProjects) = preSolution
		{67A0453B-3C5C-49E6-B70B-83685F64751F} = {D2E44978-CEF4-4DF9-94B9-F8707F80EBCE}
		{D4228805-2132-44C0-86E1-99D6EAFD730D} = {0694802C-C33C-4301-B13A-809D2BCC1216}
		{92F503CF-97D4-4586-9515-8D739A04470D} = {D4228805-2132-44C0-86E1-99D6EAFD730D}
		{DEE7A495-B363-4668-B265-027DBABFE116} = {0694802C-C33C-4301-B13A-809D2BCC1216}
		{85D87AF7-68DB-415E-9F22-8D6E4764B7ED} = {DEE7A495-B363-4668-B265-027DBABFE116}
		{10C5FB32-A30B-4223-8C60-393FDA2E06E4} = {0694802C-C33C-4301-B13A-809D2BCC1216}
		{486B12A4-1767-4CF9-900B-160A1653C69B} = {10C5FB32-A30B-4223-8C60-393FDA2E06E4}
	EndGlobalSection
EndGlobal
